// !$*UTF8*$!
{
	archiveVersion = 1;
	classes = {
	};
	objectVersion = 56;
	objects = {

/* Begin PBXBuildFile section */
		B143EFE32A295A3100E52049 /* iExpenseApp.swift in Sources */ = {isa = PBXBuildFile; fileRef = B143EFE22A295A3100E52049 /* iExpenseApp.swift */; };
		B143EFE52A295A3100E52049 /* ContentView.swift in Sources */ = {isa = PBXBuildFile; fileRef = B143EFE42A295A3100E52049 /* ContentView.swift */; };
		B143EFE72A295A3200E52049 /* Assets.xcassets in Resources */ = {isa = PBXBuildFile; fileRef = B143EFE62A295A3200E52049 /* Assets.xcassets */; };
		B143EFEA2A295A3200E52049 /* Preview Assets.xcassets in Resources */ = {isa = PBXBuildFile; fileRef = B143EFE92A295A3200E52049 /* Preview Assets.xcassets */; };
		B1EA53342A31A81500168BBC /* ExpenseItem.swift in Sources */ = {isa = PBXBuildFile; fileRef = B1EA53332A31A81500168BBC /* ExpenseItem.swift */; };
		B1EA53362A31A86000168BBC /* Expenses.swift in Sources */ = {isa = PBXBuildFile; fileRef = B1EA53352A31A85F00168BBC /* Expenses.swift */; };
		B1EA53382A31AF3100168BBC /* AddView.swift in Sources */ = {isa = PBXBuildFile; fileRef = B1EA53372A31AF3100168BBC /* AddView.swift */; };
/* End PBXBuildFile section */

/* Begin PBXFileReference section */
		B143EFDF2A295A3100E52049 /* iExpense.app */ = {isa = PBXFileReference; explicitFileType = wrapper.application; includeInIndex = 0; path = iExpense.app; sourceTree = BUILT_PRODUCTS_DIR; };
		B143EFE22A295A3100E52049 /* iExpenseApp.swift */ = {isa = PBXFileReference; lastKnownFileType = sourcecode.swift; path = iExpenseApp.swift; sourceTree = "<group>"; };
		B143EFE42A295A3100E52049 /* ContentView.swift */ = {isa = PBXFileReference; lastKnownFileType = sourcecode.swift; path = ContentView.swift; sourceTree = "<group>"; };
		B143EFE62A295A3200E52049 /* Assets.xcassets */ = {isa = PBXFileReference; lastKnownFileType = folder.assetcatalog; path = Assets.xcassets; sourceTree = "<group>"; };
		B143EFE92A295A3200E52049 /* Preview Assets.xcassets */ = {isa = PBXFileReference; lastKnownFileType = folder.assetcatalog; path = "Preview Assets.xcassets"; sourceTree = "<group>"; };
		B1EA53332A31A81500168BBC /* ExpenseItem.swift */ = {isa = PBXFileReference; lastKnownFileType = sourcecode.swift; path = ExpenseItem.swift; sourceTree = "<group>"; };
		B1EA53352A31A85F00168BBC /* Expenses.swift */ = {isa = PBXFileReference; lastKnownFileType = sourcecode.swift; path = Expenses.swift; sourceTree = "<group>"; };
		B1EA53372A31AF3100168BBC /* AddView.swift */ = {isa = PBXFileReference; lastKnownFileType = sourcecode.swift; path = AddView.swift; sourceTree = "<group>"; };
/* End PBXFileReference section */

/* Begin PBXFrameworksBuildPhase section */
		B143EFDC2A295A3100E52049 /* Frameworks */ = {
			isa = PBXFrameworksBuildPhase;
			buildActionMask = 2147483647;
			files = (
			);
			runOnlyForDeploymentPostprocessing = 0;
		};
/* End PBXFrameworksBuildPhase section */

/* Begin PBXGroup section */
		B143EFD62A295A3100E52049 = {
			isa = PBXGroup;
			children = (
				B1EA53372A31AF3100168BBC /* AddView.swift */,
				B1EA53332A31A81500168BBC /* ExpenseItem.swift */,
				B1EA53352A31A85F00168BBC /* Expenses.swift */,
				B143EFE12A295A3100E52049 /* iExpense */,
				B143EFE02A295A3100E52049 /* Products */,
			);
			sourceTree = "<group>";
		};
		B143EFE02A295A3100E52049 /* Products */ = {
			isa = PBXGroup;
			children = (
				B143EFDF2A295A3100E52049 /* iExpense.app */,
			);
			name = Products;
			sourceTree = "<group>";
		};
		B143EFE12A295A3100E52049 /* iExpense */ = {
			isa = PBXGroup;
			children = (
				B143EFE22A295A3100E52049 /* iExpenseApp.swift */,
				B143EFE42A295A3100E52049 /* ContentView.swift */,
				B143EFE62A295A3200E52049 /* Assets.xcassets */,
				B143EFE82A295A3200E52049 /* Preview Content */,
			);
			path = iExpense;
			sourceTree = "<group>";
		};
		B143EFE82A295A3200E52049 /* Preview Content */ = {
			isa = PBXGroup;
			children = (
				B143EFE92A295A3200E52049 /* Preview Assets.xcassets */,
			);
			path = "Preview Content";
			sourceTree = "<group>";
		};
/* End PBXGroup section */

/* Begin PBXNativeTarget section */
		B143EFDE2A295A3100E52049 /* iExpense */ = {
			isa = PBXNativeTarget;
			buildConfigurationList = B143EFED2A295A3200E52049 /* Build configuration list for PBXNativeTarget "iExpense" */;
			buildPhases = (
				B143EFDB2A295A3100E52049 /* Sources */,
				B143EFDC2A295A3100E52049 /* Frameworks */,
				B143EFDD2A295A3100E52049 /* Resources */,
			);
			buildRules = (
			);
			dependencies = (
			);
			name = iExpense;
			productName = iExpense;
			productReference = B143EFDF2A295A3100E52049 /* iExpense.app */;
			productType = "com.apple.product-type.application";
		};
/* End PBXNativeTarget section */

/* Begin PBXProject section */
		B143EFD72A295A3100E52049 /* Project object */ = {
			isa = PBXProject;
			attributes = {
				BuildIndependentTargetsInParallel = 1;
				LastSwiftUpdateCheck = 1420;
				LastUpgradeCheck = 1420;
				TargetAttributes = {
					B143EFDE2A295A3100E52049 = {
						CreatedOnToolsVersion = 14.2;
					};
				};
			};
			buildConfigurationList = B143EFDA2A295A3100E52049 /* Build configuration list for PBXProject "iExpense" */;
			compatibilityVersion = "Xcode 14.0";
			developmentRegion = en;
			hasScannedForEncodings = 0;
			knownRegions = (
				en,
				Base,
			);
			mainGroup = B143EFD62A295A3100E52049;
			productRefGroup = B143EFE02A295A3100E52049 /* Products */;
			projectDirPath = "";
			projectRoot = "";
			targets = (
				B143EFDE2A295A3100E52049 /* iExpense */,
			);
		};
/* End PBXProject section */

/* Begin PBXResourcesBuildPhase section */
		B143EFDD2A295A3100E52049 /* Resources */ = {
			isa = PBXResourcesBuildPhase;
			buildActionMask = 2147483647;
			files = (
				B143EFEA2A295A3200E52049 /* Preview Assets.xcassets in Resources */,
				B143EFE72A295A3200E52049 /* Assets.xcassets in Resources */,
			);
			runOnlyForDeploymentPostprocessing = 0;
		};
/* End PBXResourcesBuildPhase section */

/* Begin PBXSourcesBuildPhase section */
		B143EFDB2A295A3100E52049 /* Sources */ = {
			isa = PBXSourcesBuildPhase;
			buildActionMask = 2147483647;
			files = (
				B1EA53362A31A86000168BBC /* Expenses.swift in Sources */,
				B143EFE52A295A3100E52049 /* ContentView.swift in Sources */,
				B1EA53382A31AF3100168BBC /* AddView.swift in Sources */,
				B1EA53342A31A81500168BBC /* ExpenseItem.swift in Sources */,
				B143EFE32A295A3100E52049 /* iExpenseApp.swift in Sources */,
			);
			runOnlyForDeploymentPostprocessing = 0;
		};
/* End PBXSourcesBuildPhase section */

/* Begin XCBuildConfiguration section */
		B143EFEB2A295A3200E52049 /* Debug */ = {
			isa = XCBuildConfiguration;
			buildSettings = {
				ALWAYS_SEARCH_USER_PATHS = NO;
				CLANG_ANALYZER_NONNULL = YES;
				CLANG_ANALYZER_NUMBER_OBJECT_CONVERSION = YES_AGGRESSIVE;
				CLANG_CXX_LANGUAGE_STANDARD = "gnu++20";
				CLANG_ENABLE_MODULES = YES;
				CLANG_ENABLE_OBJC_ARC = YES;
				CLANG_ENABLE_OBJC_WEAK = YES;
				CLANG_WARN_BLOCK_CAPTURE_AUTORELEASING = YES;
				CLANG_WARN_BOOL_CONVERSION = YES;
				CLANG_WARN_COMMA = YES;
				CLANG_WARN_CONSTANT_CONVERSION = YES;
				CLANG_WARN_DEPRECATED_OBJC_IMPLEMENTATIONS = YES;
				CLANG_WARN_DIRECT_OBJC_ISA_USAGE = YES_ERROR;
				CLANG_WARN_DOCUMENTATION_COMMENTS = YES;
				CLANG_WARN_EMPTY_BODY = YES;
				CLANG_WARN_ENUM_CONVERSION = YES;
				CLANG_WARN_INFINITE_RECURSION = YES;
				CLANG_WARN_INT_CONVERSION = YES;
				CLANG_WARN_NON_LITERAL_NULL_CONVERSION = YES;
				CLANG_WARN_OBJC_IMPLICIT_RETAIN_SELF = YES;
				CLANG_WARN_OBJC_LITERAL_CONVERSION = YES;
				CLANG_WARN_OBJC_ROOT_CLASS = YES_ERROR;
				CLANG_WARN_QUOTED_INCLUDE_IN_FRAMEWORK_HEADER = YES;
				CLANG_WARN_RANGE_LOOP_ANALYSIS = YES;
				CLANG_WARN_STRICT_PROTOTYPES = YES;
				CLANG_WARN_SUSPICIOUS_MOVE = YES;
				CLANG_WARN_UNGUARDED_AVAILABILITY = YES_AGGRESSIVE;
				CLANG_WARN_UNREACHABLE_CODE = YES;
				CLANG_WARN__DUPLICATE_METHOD_MATCH = YES;
				COPY_PHASE_STRIP = NO;
				DEBUG_INFORMATION_FORMAT = dwarf;
				ENABLE_STRICT_OBJC_MSGSEND = YES;
				ENABLE_TESTABILITY = YES;
				GCC_C_LANGUAGE_STANDARD = gnu11;
				GCC_DYNAMIC_NO_PIC = NO;
				GCC_NO_COMMON_BLOCKS = YES;
				GCC_OPTIMIZATION_LEVEL = 0;
				GCC_PREPROCESSOR_DEFINITIONS = (
					"DEBUG=1",
					"$(inherited)",
				);
				GCC_WARN_64_TO_32_BIT_CONVERSION = YES;
				GCC_WARN_ABOUT_RETURN_TYPE = YES_ERROR;
				GCC_WARN_UNDECLARED_SELECTOR = YES;
				GCC_WARN_UNINITIALIZED_AUTOS = YES_AGGRESSIVE;
				GCC_WARN_UNUSED_FUNCTION = YES;
				GCC_WARN_UNUSED_VARIABLE = YES;
				IPHONEOS_DEPLOYMENT_TARGET = 16.2;
				MTL_ENABLE_DEBUG_INFO = INCLUDE_SOURCE;
				MTL_FAST_MATH = YES;
				ONLY_ACTIVE_ARCH = YES;
				SDKROOT = iphoneos;
				SWIFT_ACTIVE_COMPILATION_CONDITIONS = DEBUG;
				SWIFT_OPTIMIZATION_LEVEL = "-Onone";
			};
			name = Debug;
		};
		B143EFEC2A295A3200E52049 /* Release */ = {
			isa = XCBuildConfiguration;
			buildSettings = {
				ALWAYS_SEARCH_USER_PATHS = NO;
				CLANG_ANALYZER_NONNULL = YES;
				CLANG_ANALYZER_NUMBER_OBJECT_CONVERSION = YES_AGGRESSIVE;
				CLANG_CXX_LANGUAGE_STANDARD = "gnu++20";
				CLANG_ENABLE_MODULES = YES;
				CLANG_ENABLE_OBJC_ARC = YES;
				CLANG_ENABLE_OBJC_WEAK = YES;
				CLANG_WARN_BLOCK_CAPTURE_AUTORELEASING = YES;
				CLANG_WARN_BOOL_CONVERSION = YES;
				CLANG_WARN_COMMA = YES;
				CLANG_WARN_CONSTANT_CONVERSION = YES;
				CLANG_WARN_DEPRECATED_OBJC_IMPLEMENTATIONS = YES;
				CLANG_WARN_DIRECT_OBJC_ISA_USAGE = YES_ERROR;
				CLANG_WARN_DOCUMENTATION_COMMENTS = YES;
				CLANG_WARN_EMPTY_BODY = YES;
				CLANG_WARN_ENUM_CONVERSION = YES;
				CLANG_WARN_INFINITE_RECURSION = YES;
				CLANG_WARN_INT_CONVERSION = YES;
				CLANG_WARN_NON_LITERAL_NULL_CONVERSION = YES;
				CLANG_WARN_OBJC_IMPLICIT_RETAIN_SELF = YES;
				CLANG_WARN_OBJC_LITERAL_CONVERSION = YES;
				CLANG_WARN_OBJC_ROOT_CLASS = YES_ERROR;
				CLANG_WARN_QUOTED_INCLUDE_IN_FRAMEWORK_HEADER = YES;
				CLANG_WARN_RANGE_LOOP_ANALYSIS = YES;
				CLANG_WARN_STRICT_PROTOTYPES = YES;
				CLANG_WARN_SUSPICIOUS_MOVE = YES;
				CLANG_WARN_UNGUARDED_AVAILABILITY = YES_AGGRESSIVE;
				CLANG_WARN_UNREACHABLE_CODE = YES;
				CLANG_WARN__DUPLICATE_METHOD_MATCH = YES;
				COPY_PHASE_STRIP = NO;
				DEBUG_INFORMATION_FORMAT = "dwarf-with-dsym";
				ENABLE_NS_ASSERTIONS = NO;
				ENABLE_STRICT_OBJC_MSGSEND = YES;
				GCC_C_LANGUAGE_STANDARD = gnu11;
				GCC_NO_COMMON_BLOCKS = YES;
				GCC_WARN_64_TO_32_BIT_CONVERSION = YES;
				GCC_WARN_ABOUT_RETURN_TYPE = YES_ERROR;
				GCC_WARN_UNDECLARED_SELECTOR = YES;
				GCC_WARN_UNINITIALIZED_AUTOS = YES_AGGRESSIVE;
				GCC_WARN_UNUSED_FUNCTION = YES;
				GCC_WARN_UNUSED_VARIABLE = YES;
				IPHONEOS_DEPLOYMENT_TARGET = 16.2;
				MTL_ENABLE_DEBUG_INFO = NO;
				MTL_FAST_MATH = YES;
				SDKROOT = iphoneos;
				SWIFT_COMPILATION_MODE = wholemodule;
				SWIFT_OPTIMIZATION_LEVEL = "-O";
				VALIDATE_PRODUCT = YES;
			};
			name = Release;
		};
		B143EFEE2A295A3200E52049 /* Debug */ = {
			isa = XCBuildConfiguration;
			buildSettings = {
				ASSETCATALOG_COMPILER_APPICON_NAME = AppIcon;
				ASSETCATALOG_COMPILER_GLOBAL_ACCENT_COLOR_NAME = AccentColor;
				CODE_SIGN_STYLE = Automatic;
				CURRENT_PROJECT_VERSION = 1;
				DEVELOPMENT_ASSET_PATHS = "\"iExpense/Preview Content\"";
				ENABLE_PREVIEWS = YES;
				GENERATE_INFOPLIST_FILE = YES;
				INFOPLIST_KEY_UIApplicationSceneManifest_Generation = YES;
				INFOPLIST_KEY_UIApplicationSupportsIndirectInputEvents = YES;
				INFOPLIST_KEY_UILaunchScreen_Generation = YES;
				INFOPLIST_KEY_UISupportedInterfaceOrientations_iPad = "UIInterfaceOrientationPortrait UIInterfaceOrientationPortraitUpsideDown UIInterfaceOrientationLandscapeLeft UIInterfaceOrientationLandscapeRight";
				INFOPLIST_KEY_UISupportedInterfaceOrientations_iPhone = "UIInterfaceOrientationPortrait UIInterfaceOrientationLandscapeLeft UIInterfaceOrientationLandscapeRight";
				LD_RUNPATH_SEARCH_PATHS = (
					"$(inherited)",
					"@executable_path/Frameworks",
				);
				MARKETING_VERSION = 1.0;
				PRODUCT_BUNDLE_IDENTIFIER = Sarygin.Kyle.iExpense;
				PRODUCT_NAME = "$(TARGET_NAME)";
				SWIFT_EMIT_LOC_STRINGS = YES;
				SWIFT_VERSION = 5.0;
				TARGETED_DEVICE_FAMILY = "1,2";
			};
			name = Debug;
		};
		B143EFEF2A295A3200E52049 /* Release */ = {
			isa = XCBuildConfiguration;
			buildSettings = {
				ASSETCATALOG_COMPILER_APPICON_NAME = AppIcon;
				ASSETCATALOG_COMPILER_GLOBAL_ACCENT_COLOR_NAME = AccentColor;
				CODE_SIGN_STYLE = Automatic;
				CURRENT_PROJECT_VERSION = 1;
				DEVELOPMENT_ASSET_PATHS = "\"iExpense/Preview Content\"";
				ENABLE_PREVIEWS = YES;
				GENERATE_INFOPLIST_FILE = YES;
				INFOPLIST_KEY_UIApplicationSceneManifest_Generation = YES;
				INFOPLIST_KEY_UIApplicationSupportsIndirectInputEvents = YES;
				INFOPLIST_KEY_UILaunchScreen_Generation = YES;
				INFOPLIST_KEY_UISupportedInterfaceOrientations_iPad = "UIInterfaceOrientationPortrait UIInterfaceOrientationPortraitUpsideDown UIInterfaceOrientationLandscapeLeft UIInterfaceOrientationLandscapeRight";
				INFOPLIST_KEY_UISupportedInterfaceOrientations_iPhone = "UIInterfaceOrientationPortrait UIInterfaceOrientationLandscapeLeft UIInterfaceOrientationLandscapeRight";
				LD_RUNPATH_SEARCH_PATHS = (
					"$(inherited)",
					"@executable_path/Frameworks",
				);
				MARKETING_VERSION = 1.0;
				PRODUCT_BUNDLE_IDENTIFIER = Sarygin.Kyle.iExpense;
				PRODUCT_NAME = "$(TARGET_NAME)";
				SWIFT_EMIT_LOC_STRINGS = YES;
				SWIFT_VERSION = 5.0;
				TARGETED_DEVICE_FAMILY = "1,2";
			};
			name = Release;
		};
/* End XCBuildConfiguration section */

/* Begin XCConfigurationList section */
		B143EFDA2A295A3100E52049 /* Build configuration list for PBXProject "iExpense" */ = {
			isa = XCConfigurationList;
			buildConfigurations = (
				B143EFEB2A295A3200E52049 /* Debug */,
				B143EFEC2A295A3200E52049 /* Release */,
			);
			defaultConfigurationIsVisible = 0;
			defaultConfigurationName = Release;
		};
		B143EFED2A295A3200E52049 /* Build configuration list for PBXNativeTarget "iExpense" */ = {
			isa = XCConfigurationList;
			buildConfigurations = (
				B143EFEE2A295A3200E52049 /* Debug */,
				B143EFEF2A295A3200E52049 /* Release */,
			);
			defaultConfigurationIsVisible = 0;
			defaultConfigurationName = Release;
		};
/* End XCConfigurationList section */
	};
	rootObject = B143EFD72A295A3100E52049 /* Project object */;
}
