// !$*UTF8*$!
{
	archiveVersion = 1;
	classes = {
	};
	objectVersion = 56;
	objects = {

/* Begin PBXBuildFile section */
		B1515F602A4D48FB00264D26 /* AddHabit.swift in Sources */ = {isa = PBXBuildFile; fileRef = B1515F5F2A4D48FB00264D26 /* AddHabit.swift */; };
		B1B2A2392A4BF62E00841FF3 /* HabitTracker__Day_47_challenge_App.swift in Sources */ = {isa = PBXBuildFile; fileRef = B1B2A2382A4BF62E00841FF3 /* HabitTracker__Day_47_challenge_App.swift */; };
		B1B2A23B2A4BF62E00841FF3 /* ContentView.swift in Sources */ = {isa = PBXBuildFile; fileRef = B1B2A23A2A4BF62E00841FF3 /* ContentView.swift */; };
		B1B2A23D2A4BF62F00841FF3 /* Assets.xcassets in Resources */ = {isa = PBXBuildFile; fileRef = B1B2A23C2A4BF62F00841FF3 /* Assets.xcassets */; };
		B1B2A2402A4BF62F00841FF3 /* Preview Assets.xcassets in Resources */ = {isa = PBXBuildFile; fileRef = B1B2A23F2A4BF62F00841FF3 /* Preview Assets.xcassets */; };
		B1B2A2472A4C1A2200841FF3 /* Habit.swift in Sources */ = {isa = PBXBuildFile; fileRef = B1B2A2462A4C1A2200841FF3 /* Habit.swift */; };
		B1B2A2492A4C1A7900841FF3 /* Activities.swift in Sources */ = {isa = PBXBuildFile; fileRef = B1B2A2482A4C1A7900841FF3 /* Activities.swift */; };
/* End PBXBuildFile section */

/* Begin PBXFileReference section */
		B1515F5F2A4D48FB00264D26 /* AddHabit.swift */ = {isa = PBXFileReference; lastKnownFileType = sourcecode.swift; path = AddHabit.swift; sourceTree = "<group>"; };
		B1B2A2352A4BF62E00841FF3 /* HabitTracker (Day 47 challenge).app */ = {isa = PBXFileReference; explicitFileType = wrapper.application; includeInIndex = 0; path = "HabitTracker (Day 47 challenge).app"; sourceTree = BUILT_PRODUCTS_DIR; };
		B1B2A2382A4BF62E00841FF3 /* HabitTracker__Day_47_challenge_App.swift */ = {isa = PBXFileReference; lastKnownFileType = sourcecode.swift; path = HabitTracker__Day_47_challenge_App.swift; sourceTree = "<group>"; };
		B1B2A23A2A4BF62E00841FF3 /* ContentView.swift */ = {isa = PBXFileReference; lastKnownFileType = sourcecode.swift; path = ContentView.swift; sourceTree = "<group>"; };
		B1B2A23C2A4BF62F00841FF3 /* Assets.xcassets */ = {isa = PBXFileReference; lastKnownFileType = folder.assetcatalog; path = Assets.xcassets; sourceTree = "<group>"; };
		B1B2A23F2A4BF62F00841FF3 /* Preview Assets.xcassets */ = {isa = PBXFileReference; lastKnownFileType = folder.assetcatalog; path = "Preview Assets.xcassets"; sourceTree = "<group>"; };
		B1B2A2462A4C1A2200841FF3 /* Habit.swift */ = {isa = PBXFileReference; lastKnownFileType = sourcecode.swift; path = Habit.swift; sourceTree = "<group>"; };
		B1B2A2482A4C1A7900841FF3 /* Activities.swift */ = {isa = PBXFileReference; lastKnownFileType = sourcecode.swift; path = Activities.swift; sourceTree = "<group>"; };
/* End PBXFileReference section */

/* Begin PBXFrameworksBuildPhase section */
		B1B2A2322A4BF62E00841FF3 /* Frameworks */ = {
			isa = PBXFrameworksBuildPhase;
			buildActionMask = 2147483647;
			files = (
			);
			runOnlyForDeploymentPostprocessing = 0;
		};
/* End PBXFrameworksBuildPhase section */

/* Begin PBXGroup section */
		B1B2A22C2A4BF62E00841FF3 = {
			isa = PBXGroup;
			children = (
				B1B2A2372A4BF62E00841FF3 /* HabitTracker (Day 47 challenge) */,
				B1B2A2362A4BF62E00841FF3 /* Products */,
			);
			sourceTree = "<group>";
		};
		B1B2A2362A4BF62E00841FF3 /* Products */ = {
			isa = PBXGroup;
			children = (
				B1B2A2352A4BF62E00841FF3 /* HabitTracker (Day 47 challenge).app */,
			);
			name = Products;
			sourceTree = "<group>";
		};
		B1B2A2372A4BF62E00841FF3 /* HabitTracker (Day 47 challenge) */ = {
			isa = PBXGroup;
			children = (
				B1B2A2382A4BF62E00841FF3 /* HabitTracker__Day_47_challenge_App.swift */,
				B1B2A23A2A4BF62E00841FF3 /* ContentView.swift */,
				B1515F5F2A4D48FB00264D26 /* AddHabit.swift */,
				B1B2A2462A4C1A2200841FF3 /* Habit.swift */,
				B1B2A2482A4C1A7900841FF3 /* Activities.swift */,
				B1B2A23C2A4BF62F00841FF3 /* Assets.xcassets */,
				B1B2A23E2A4BF62F00841FF3 /* Preview Content */,
			);
			path = "HabitTracker (Day 47 challenge)";
			sourceTree = "<group>";
		};
		B1B2A23E2A4BF62F00841FF3 /* Preview Content */ = {
			isa = PBXGroup;
			children = (
				B1B2A23F2A4BF62F00841FF3 /* Preview Assets.xcassets */,
			);
			path = "Preview Content";
			sourceTree = "<group>";
		};
/* End PBXGroup section */

/* Begin PBXNativeTarget section */
		B1B2A2342A4BF62E00841FF3 /* HabitTracker (Day 47 challenge) */ = {
			isa = PBXNativeTarget;
			buildConfigurationList = B1B2A2432A4BF62F00841FF3 /* Build configuration list for PBXNativeTarget "HabitTracker (Day 47 challenge)" */;
			buildPhases = (
				B1B2A2312A4BF62E00841FF3 /* Sources */,
				B1B2A2322A4BF62E00841FF3 /* Frameworks */,
				B1B2A2332A4BF62E00841FF3 /* Resources */,
			);
			buildRules = (
			);
			dependencies = (
			);
			name = "HabitTracker (Day 47 challenge)";
			productName = "HabitTracker (Day 47 challenge)";
			productReference = B1B2A2352A4BF62E00841FF3 /* HabitTracker (Day 47 challenge).app */;
			productType = "com.apple.product-type.application";
		};
/* End PBXNativeTarget section */

/* Begin PBXProject section */
		B1B2A22D2A4BF62E00841FF3 /* Project object */ = {
			isa = PBXProject;
			attributes = {
				BuildIndependentTargetsInParallel = 1;
				LastSwiftUpdateCheck = 1420;
				LastUpgradeCheck = 1420;
				TargetAttributes = {
					B1B2A2342A4BF62E00841FF3 = {
						CreatedOnToolsVersion = 14.2;
					};
				};
			};
			buildConfigurationList = B1B2A2302A4BF62E00841FF3 /* Build configuration list for PBXProject "HabitTracker (Day 47 challenge)" */;
			compatibilityVersion = "Xcode 14.0";
			developmentRegion = en;
			hasScannedForEncodings = 0;
			knownRegions = (
				en,
				Base,
			);
			mainGroup = B1B2A22C2A4BF62E00841FF3;
			productRefGroup = B1B2A2362A4BF62E00841FF3 /* Products */;
			projectDirPath = "";
			projectRoot = "";
			targets = (
				B1B2A2342A4BF62E00841FF3 /* HabitTracker (Day 47 challenge) */,
			);
		};
/* End PBXProject section */

/* Begin PBXResourcesBuildPhase section */
		B1B2A2332A4BF62E00841FF3 /* Resources */ = {
			isa = PBXResourcesBuildPhase;
			buildActionMask = 2147483647;
			files = (
				B1B2A2402A4BF62F00841FF3 /* Preview Assets.xcassets in Resources */,
				B1B2A23D2A4BF62F00841FF3 /* Assets.xcassets in Resources */,
			);
			runOnlyForDeploymentPostprocessing = 0;
		};
/* End PBXResourcesBuildPhase section */

/* Begin PBXSourcesBuildPhase section */
		B1B2A2312A4BF62E00841FF3 /* Sources */ = {
			isa = PBXSourcesBuildPhase;
			buildActionMask = 2147483647;
			files = (
				B1B2A23B2A4BF62E00841FF3 /* ContentView.swift in Sources */,
				B1515F602A4D48FB00264D26 /* AddHabit.swift in Sources */,
				B1B2A2392A4BF62E00841FF3 /* HabitTracker__Day_47_challenge_App.swift in Sources */,
				B1B2A2492A4C1A7900841FF3 /* Activities.swift in Sources */,
				B1B2A2472A4C1A2200841FF3 /* Habit.swift in Sources */,
			);
			runOnlyForDeploymentPostprocessing = 0;
		};
/* End PBXSourcesBuildPhase section */

/* Begin XCBuildConfiguration section */
		B1B2A2412A4BF62F00841FF3 /* Debug */ = {
			isa = XCBuildConfiguration;
			buildSettings = {
				ALWAYS_SEARCH_USER_PATHS = NO;
				CLANG_ANALYZER_NONNULL = YES;
				CLANG_ANALYZER_NUMBER_OBJECT_CONVERSION = YES_AGGRESSIVE;
				CLANG_CXX_LANGUAGE_STANDARD = "gnu++20";
				CLANG_ENABLE_MODULES = YES;
				CLANG_ENABLE_OBJC_ARC = YES;
				CLANG_ENABLE_OBJC_WEAK = YES;
				CLANG_WARN_BLOCK_CAPTURE_AUTORELEASING = YES;
				CLANG_WARN_BOOL_CONVERSION = YES;
				CLANG_WARN_COMMA = YES;
				CLANG_WARN_CONSTANT_CONVERSION = YES;
				CLANG_WARN_DEPRECATED_OBJC_IMPLEMENTATIONS = YES;
				CLANG_WARN_DIRECT_OBJC_ISA_USAGE = YES_ERROR;
				CLANG_WARN_DOCUMENTATION_COMMENTS = YES;
				CLANG_WARN_EMPTY_BODY = YES;
				CLANG_WARN_ENUM_CONVERSION = YES;
				CLANG_WARN_INFINITE_RECURSION = YES;
				CLANG_WARN_INT_CONVERSION = YES;
				CLANG_WARN_NON_LITERAL_NULL_CONVERSION = YES;
				CLANG_WARN_OBJC_IMPLICIT_RETAIN_SELF = YES;
				CLANG_WARN_OBJC_LITERAL_CONVERSION = YES;
				CLANG_WARN_OBJC_ROOT_CLASS = YES_ERROR;
				CLANG_WARN_QUOTED_INCLUDE_IN_FRAMEWORK_HEADER = YES;
				CLANG_WARN_RANGE_LOOP_ANALYSIS = YES;
				CLANG_WARN_STRICT_PROTOTYPES = YES;
				CLANG_WARN_SUSPICIOUS_MOVE = YES;
				CLANG_WARN_UNGUARDED_AVAILABILITY = YES_AGGRESSIVE;
				CLANG_WARN_UNREACHABLE_CODE = YES;
				CLANG_WARN__DUPLICATE_METHOD_MATCH = YES;
				COPY_PHASE_STRIP = NO;
				DEBUG_INFORMATION_FORMAT = dwarf;
				ENABLE_STRICT_OBJC_MSGSEND = YES;
				ENABLE_TESTABILITY = YES;
				GCC_C_LANGUAGE_STANDARD = gnu11;
				GCC_DYNAMIC_NO_PIC = NO;
				GCC_NO_COMMON_BLOCKS = YES;
				GCC_OPTIMIZATION_LEVEL = 0;
				GCC_PREPROCESSOR_DEFINITIONS = (
					"DEBUG=1",
					"$(inherited)",
				);
				GCC_WARN_64_TO_32_BIT_CONVERSION = YES;
				GCC_WARN_ABOUT_RETURN_TYPE = YES_ERROR;
				GCC_WARN_UNDECLARED_SELECTOR = YES;
				GCC_WARN_UNINITIALIZED_AUTOS = YES_AGGRESSIVE;
				GCC_WARN_UNUSED_FUNCTION = YES;
				GCC_WARN_UNUSED_VARIABLE = YES;
				IPHONEOS_DEPLOYMENT_TARGET = 16.2;
				MTL_ENABLE_DEBUG_INFO = INCLUDE_SOURCE;
				MTL_FAST_MATH = YES;
				ONLY_ACTIVE_ARCH = YES;
				SDKROOT = iphoneos;
				SWIFT_ACTIVE_COMPILATION_CONDITIONS = DEBUG;
				SWIFT_OPTIMIZATION_LEVEL = "-Onone";
			};
			name = Debug;
		};
		B1B2A2422A4BF62F00841FF3 /* Release */ = {
			isa = XCBuildConfiguration;
			buildSettings = {
				ALWAYS_SEARCH_USER_PATHS = NO;
				CLANG_ANALYZER_NONNULL = YES;
				CLANG_ANALYZER_NUMBER_OBJECT_CONVERSION = YES_AGGRESSIVE;
				CLANG_CXX_LANGUAGE_STANDARD = "gnu++20";
				CLANG_ENABLE_MODULES = YES;
				CLANG_ENABLE_OBJC_ARC = YES;
				CLANG_ENABLE_OBJC_WEAK = YES;
				CLANG_WARN_BLOCK_CAPTURE_AUTORELEASING = YES;
				CLANG_WARN_BOOL_CONVERSION = YES;
				CLANG_WARN_COMMA = YES;
				CLANG_WARN_CONSTANT_CONVERSION = YES;
				CLANG_WARN_DEPRECATED_OBJC_IMPLEMENTATIONS = YES;
				CLANG_WARN_DIRECT_OBJC_ISA_USAGE = YES_ERROR;
				CLANG_WARN_DOCUMENTATION_COMMENTS = YES;
				CLANG_WARN_EMPTY_BODY = YES;
				CLANG_WARN_ENUM_CONVERSION = YES;
				CLANG_WARN_INFINITE_RECURSION = YES;
				CLANG_WARN_INT_CONVERSION = YES;
				CLANG_WARN_NON_LITERAL_NULL_CONVERSION = YES;
				CLANG_WARN_OBJC_IMPLICIT_RETAIN_SELF = YES;
				CLANG_WARN_OBJC_LITERAL_CONVERSION = YES;
				CLANG_WARN_OBJC_ROOT_CLASS = YES_ERROR;
				CLANG_WARN_QUOTED_INCLUDE_IN_FRAMEWORK_HEADER = YES;
				CLANG_WARN_RANGE_LOOP_ANALYSIS = YES;
				CLANG_WARN_STRICT_PROTOTYPES = YES;
				CLANG_WARN_SUSPICIOUS_MOVE = YES;
				CLANG_WARN_UNGUARDED_AVAILABILITY = YES_AGGRESSIVE;
				CLANG_WARN_UNREACHABLE_CODE = YES;
				CLANG_WARN__DUPLICATE_METHOD_MATCH = YES;
				COPY_PHASE_STRIP = NO;
				DEBUG_INFORMATION_FORMAT = "dwarf-with-dsym";
				ENABLE_NS_ASSERTIONS = NO;
				ENABLE_STRICT_OBJC_MSGSEND = YES;
				GCC_C_LANGUAGE_STANDARD = gnu11;
				GCC_NO_COMMON_BLOCKS = YES;
				GCC_WARN_64_TO_32_BIT_CONVERSION = YES;
				GCC_WARN_ABOUT_RETURN_TYPE = YES_ERROR;
				GCC_WARN_UNDECLARED_SELECTOR = YES;
				GCC_WARN_UNINITIALIZED_AUTOS = YES_AGGRESSIVE;
				GCC_WARN_UNUSED_FUNCTION = YES;
				GCC_WARN_UNUSED_VARIABLE = YES;
				IPHONEOS_DEPLOYMENT_TARGET = 16.2;
				MTL_ENABLE_DEBUG_INFO = NO;
				MTL_FAST_MATH = YES;
				SDKROOT = iphoneos;
				SWIFT_COMPILATION_MODE = wholemodule;
				SWIFT_OPTIMIZATION_LEVEL = "-O";
				VALIDATE_PRODUCT = YES;
			};
			name = Release;
		};
		B1B2A2442A4BF62F00841FF3 /* Debug */ = {
			isa = XCBuildConfiguration;
			buildSettings = {
				ASSETCATALOG_COMPILER_APPICON_NAME = AppIcon;
				ASSETCATALOG_COMPILER_GLOBAL_ACCENT_COLOR_NAME = AccentColor;
				CODE_SIGN_STYLE = Automatic;
				CURRENT_PROJECT_VERSION = 1;
				DEVELOPMENT_ASSET_PATHS = "\"HabitTracker (Day 47 challenge)/Preview Content\"";
				ENABLE_PREVIEWS = YES;
				GENERATE_INFOPLIST_FILE = YES;
				INFOPLIST_KEY_UIApplicationSceneManifest_Generation = YES;
				INFOPLIST_KEY_UIApplicationSupportsIndirectInputEvents = YES;
				INFOPLIST_KEY_UILaunchScreen_Generation = YES;
				INFOPLIST_KEY_UISupportedInterfaceOrientations_iPad = "UIInterfaceOrientationPortrait UIInterfaceOrientationPortraitUpsideDown UIInterfaceOrientationLandscapeLeft UIInterfaceOrientationLandscapeRight";
				INFOPLIST_KEY_UISupportedInterfaceOrientations_iPhone = "UIInterfaceOrientationPortrait UIInterfaceOrientationLandscapeLeft UIInterfaceOrientationLandscapeRight";
				LD_RUNPATH_SEARCH_PATHS = (
					"$(inherited)",
					"@executable_path/Frameworks",
				);
				MARKETING_VERSION = 1.0;
				PRODUCT_BUNDLE_IDENTIFIER = "Sarygin.Kyle.HabitTracker--Day-47-challenge-";
				PRODUCT_NAME = "$(TARGET_NAME)";
				SWIFT_EMIT_LOC_STRINGS = YES;
				SWIFT_VERSION = 5.0;
				TARGETED_DEVICE_FAMILY = "1,2";
			};
			name = Debug;
		};
		B1B2A2452A4BF62F00841FF3 /* Release */ = {
			isa = XCBuildConfiguration;
			buildSettings = {
				ASSETCATALOG_COMPILER_APPICON_NAME = AppIcon;
				ASSETCATALOG_COMPILER_GLOBAL_ACCENT_COLOR_NAME = AccentColor;
				CODE_SIGN_STYLE = Automatic;
				CURRENT_PROJECT_VERSION = 1;
				DEVELOPMENT_ASSET_PATHS = "\"HabitTracker (Day 47 challenge)/Preview Content\"";
				ENABLE_PREVIEWS = YES;
				GENERATE_INFOPLIST_FILE = YES;
				INFOPLIST_KEY_UIApplicationSceneManifest_Generation = YES;
				INFOPLIST_KEY_UIApplicationSupportsIndirectInputEvents = YES;
				INFOPLIST_KEY_UILaunchScreen_Generation = YES;
				INFOPLIST_KEY_UISupportedInterfaceOrientations_iPad = "UIInterfaceOrientationPortrait UIInterfaceOrientationPortraitUpsideDown UIInterfaceOrientationLandscapeLeft UIInterfaceOrientationLandscapeRight";
				INFOPLIST_KEY_UISupportedInterfaceOrientations_iPhone = "UIInterfaceOrientationPortrait UIInterfaceOrientationLandscapeLeft UIInterfaceOrientationLandscapeRight";
				LD_RUNPATH_SEARCH_PATHS = (
					"$(inherited)",
					"@executable_path/Frameworks",
				);
				MARKETING_VERSION = 1.0;
				PRODUCT_BUNDLE_IDENTIFIER = "Sarygin.Kyle.HabitTracker--Day-47-challenge-";
				PRODUCT_NAME = "$(TARGET_NAME)";
				SWIFT_EMIT_LOC_STRINGS = YES;
				SWIFT_VERSION = 5.0;
				TARGETED_DEVICE_FAMILY = "1,2";
			};
			name = Release;
		};
/* End XCBuildConfiguration section */

/* Begin XCConfigurationList section */
		B1B2A2302A4BF62E00841FF3 /* Build configuration list for PBXProject "HabitTracker (Day 47 challenge)" */ = {
			isa = XCConfigurationList;
			buildConfigurations = (
				B1B2A2412A4BF62F00841FF3 /* Debug */,
				B1B2A2422A4BF62F00841FF3 /* Release */,
			);
			defaultConfigurationIsVisible = 0;
			defaultConfigurationName = Release;
		};
		B1B2A2432A4BF62F00841FF3 /* Build configuration list for PBXNativeTarget "HabitTracker (Day 47 challenge)" */ = {
			isa = XCConfigurationList;
			buildConfigurations = (
				B1B2A2442A4BF62F00841FF3 /* Debug */,
				B1B2A2452A4BF62F00841FF3 /* Release */,
			);
			defaultConfigurationIsVisible = 0;
			defaultConfigurationName = Release;
		};
/* End XCConfigurationList section */
	};
	rootObject = B1B2A22D2A4BF62E00841FF3 /* Project object */;
}
