// !$*UTF8*$!
{
	archiveVersion = 1;
	classes = {
	};
	objectVersion = 56;
	objects = {

/* Begin PBXBuildFile section */
		B1E44E7A2A6DCF5E0084DCD4 /* CupcakeCorner_Refactored__Challenge_Day_52_App.swift in Sources */ = {isa = PBXBuildFile; fileRef = B1E44E792A6DCF5E0084DCD4 /* CupcakeCorner_Refactored__Challenge_Day_52_App.swift */; };
		B1E44E7E2A6DCF5F0084DCD4 /* Assets.xcassets in Resources */ = {isa = PBXBuildFile; fileRef = B1E44E7D2A6DCF5F0084DCD4 /* Assets.xcassets */; };
		B1E44E812A6DCF5F0084DCD4 /* Preview Assets.xcassets in Resources */ = {isa = PBXBuildFile; fileRef = B1E44E802A6DCF5F0084DCD4 /* Preview Assets.xcassets */; };
		B1E44E882A6DCFAC0084DCD4 /* Order.swift in Sources */ = {isa = PBXBuildFile; fileRef = B1E44E872A6DCFAC0084DCD4 /* Order.swift */; };
		B1E44E8C2A6DCFB60084DCD4 /* AddressView.swift in Sources */ = {isa = PBXBuildFile; fileRef = B1E44E892A6DCFB60084DCD4 /* AddressView.swift */; };
		B1E44E8D2A6DCFB60084DCD4 /* CheckoutView.swift in Sources */ = {isa = PBXBuildFile; fileRef = B1E44E8A2A6DCFB60084DCD4 /* CheckoutView.swift */; };
		B1E44E922A6DD0790084DCD4 /* ContentView.swift in Sources */ = {isa = PBXBuildFile; fileRef = B1E44E912A6DD0790084DCD4 /* ContentView.swift */; };
		B1E44E982A6DD19C0084DCD4 /* OrderDetails.swift in Sources */ = {isa = PBXBuildFile; fileRef = B1E44E972A6DD19C0084DCD4 /* OrderDetails.swift */; };
/* End PBXBuildFile section */

/* Begin PBXFileReference section */
		B1E44E762A6DCF5E0084DCD4 /* CupcakeCorner Refactored (Challenge Day 52).app */ = {isa = PBXFileReference; explicitFileType = wrapper.application; includeInIndex = 0; path = "CupcakeCorner Refactored (Challenge Day 52).app"; sourceTree = BUILT_PRODUCTS_DIR; };
		B1E44E792A6DCF5E0084DCD4 /* CupcakeCorner_Refactored__Challenge_Day_52_App.swift */ = {isa = PBXFileReference; lastKnownFileType = sourcecode.swift; path = CupcakeCorner_Refactored__Challenge_Day_52_App.swift; sourceTree = "<group>"; };
		B1E44E7D2A6DCF5F0084DCD4 /* Assets.xcassets */ = {isa = PBXFileReference; lastKnownFileType = folder.assetcatalog; path = Assets.xcassets; sourceTree = "<group>"; };
		B1E44E802A6DCF5F0084DCD4 /* Preview Assets.xcassets */ = {isa = PBXFileReference; lastKnownFileType = folder.assetcatalog; path = "Preview Assets.xcassets"; sourceTree = "<group>"; };
		B1E44E872A6DCFAC0084DCD4 /* Order.swift */ = {isa = PBXFileReference; fileEncoding = 4; lastKnownFileType = sourcecode.swift; name = Order.swift; path = ../../CupcakeCorner/CupcakeCorner/Order.swift; sourceTree = "<group>"; };
		B1E44E892A6DCFB60084DCD4 /* AddressView.swift */ = {isa = PBXFileReference; fileEncoding = 4; lastKnownFileType = sourcecode.swift; name = AddressView.swift; path = ../../CupcakeCorner/CupcakeCorner/AddressView.swift; sourceTree = "<group>"; };
		B1E44E8A2A6DCFB60084DCD4 /* CheckoutView.swift */ = {isa = PBXFileReference; fileEncoding = 4; lastKnownFileType = sourcecode.swift; name = CheckoutView.swift; path = ../../CupcakeCorner/CupcakeCorner/CheckoutView.swift; sourceTree = "<group>"; };
		B1E44E912A6DD0790084DCD4 /* ContentView.swift */ = {isa = PBXFileReference; fileEncoding = 4; lastKnownFileType = sourcecode.swift; path = ContentView.swift; sourceTree = "<group>"; };
		B1E44E972A6DD19C0084DCD4 /* OrderDetails.swift */ = {isa = PBXFileReference; lastKnownFileType = sourcecode.swift; path = OrderDetails.swift; sourceTree = "<group>"; };
/* End PBXFileReference section */

/* Begin PBXFrameworksBuildPhase section */
		B1E44E732A6DCF5E0084DCD4 /* Frameworks */ = {
			isa = PBXFrameworksBuildPhase;
			buildActionMask = 2147483647;
			files = (
			);
			runOnlyForDeploymentPostprocessing = 0;
		};
/* End PBXFrameworksBuildPhase section */

/* Begin PBXGroup section */
		B1E44E6D2A6DCF5E0084DCD4 = {
			isa = PBXGroup;
			children = (
				B1E44E782A6DCF5E0084DCD4 /* CupcakeCorner Refactored (Challenge Day 52) */,
				B1E44E772A6DCF5E0084DCD4 /* Products */,
			);
			sourceTree = "<group>";
		};
		B1E44E772A6DCF5E0084DCD4 /* Products */ = {
			isa = PBXGroup;
			children = (
				B1E44E762A6DCF5E0084DCD4 /* CupcakeCorner Refactored (Challenge Day 52).app */,
			);
			name = Products;
			sourceTree = "<group>";
		};
		B1E44E782A6DCF5E0084DCD4 /* CupcakeCorner Refactored (Challenge Day 52) */ = {
			isa = PBXGroup;
			children = (
				B1E44E912A6DD0790084DCD4 /* ContentView.swift */,
				B1E44E892A6DCFB60084DCD4 /* AddressView.swift */,
				B1E44E8A2A6DCFB60084DCD4 /* CheckoutView.swift */,
				B1E44E792A6DCF5E0084DCD4 /* CupcakeCorner_Refactored__Challenge_Day_52_App.swift */,
				B1E44E872A6DCFAC0084DCD4 /* Order.swift */,
				B1E44E972A6DD19C0084DCD4 /* OrderDetails.swift */,
				B1E44E7D2A6DCF5F0084DCD4 /* Assets.xcassets */,
				B1E44E7F2A6DCF5F0084DCD4 /* Preview Content */,
			);
			path = "CupcakeCorner Refactored (Challenge Day 52)";
			sourceTree = "<group>";
		};
		B1E44E7F2A6DCF5F0084DCD4 /* Preview Content */ = {
			isa = PBXGroup;
			children = (
				B1E44E802A6DCF5F0084DCD4 /* Preview Assets.xcassets */,
			);
			path = "Preview Content";
			sourceTree = "<group>";
		};
/* End PBXGroup section */

/* Begin PBXNativeTarget section */
		B1E44E752A6DCF5E0084DCD4 /* CupcakeCorner Refactored (Challenge Day 52) */ = {
			isa = PBXNativeTarget;
			buildConfigurationList = B1E44E842A6DCF5F0084DCD4 /* Build configuration list for PBXNativeTarget "CupcakeCorner Refactored (Challenge Day 52)" */;
			buildPhases = (
				B1E44E722A6DCF5E0084DCD4 /* Sources */,
				B1E44E732A6DCF5E0084DCD4 /* Frameworks */,
				B1E44E742A6DCF5E0084DCD4 /* Resources */,
			);
			buildRules = (
			);
			dependencies = (
			);
			name = "CupcakeCorner Refactored (Challenge Day 52)";
			productName = "CupcakeCorner Refactored (Challenge Day 52)";
			productReference = B1E44E762A6DCF5E0084DCD4 /* CupcakeCorner Refactored (Challenge Day 52).app */;
			productType = "com.apple.product-type.application";
		};
/* End PBXNativeTarget section */

/* Begin PBXProject section */
		B1E44E6E2A6DCF5E0084DCD4 /* Project object */ = {
			isa = PBXProject;
			attributes = {
				BuildIndependentTargetsInParallel = 1;
				LastSwiftUpdateCheck = 1420;
				LastUpgradeCheck = 1420;
				TargetAttributes = {
					B1E44E752A6DCF5E0084DCD4 = {
						CreatedOnToolsVersion = 14.2;
					};
				};
			};
			buildConfigurationList = B1E44E712A6DCF5E0084DCD4 /* Build configuration list for PBXProject "CupcakeCorner Refactored (Challenge Day 52)" */;
			compatibilityVersion = "Xcode 14.0";
			developmentRegion = en;
			hasScannedForEncodings = 0;
			knownRegions = (
				en,
				Base,
			);
			mainGroup = B1E44E6D2A6DCF5E0084DCD4;
			productRefGroup = B1E44E772A6DCF5E0084DCD4 /* Products */;
			projectDirPath = "";
			projectRoot = "";
			targets = (
				B1E44E752A6DCF5E0084DCD4 /* CupcakeCorner Refactored (Challenge Day 52) */,
			);
		};
/* End PBXProject section */

/* Begin PBXResourcesBuildPhase section */
		B1E44E742A6DCF5E0084DCD4 /* Resources */ = {
			isa = PBXResourcesBuildPhase;
			buildActionMask = 2147483647;
			files = (
				B1E44E812A6DCF5F0084DCD4 /* Preview Assets.xcassets in Resources */,
				B1E44E7E2A6DCF5F0084DCD4 /* Assets.xcassets in Resources */,
			);
			runOnlyForDeploymentPostprocessing = 0;
		};
/* End PBXResourcesBuildPhase section */

/* Begin PBXSourcesBuildPhase section */
		B1E44E722A6DCF5E0084DCD4 /* Sources */ = {
			isa = PBXSourcesBuildPhase;
			buildActionMask = 2147483647;
			files = (
				B1E44E882A6DCFAC0084DCD4 /* Order.swift in Sources */,
				B1E44E982A6DD19C0084DCD4 /* OrderDetails.swift in Sources */,
				B1E44E922A6DD0790084DCD4 /* ContentView.swift in Sources */,
				B1E44E8C2A6DCFB60084DCD4 /* AddressView.swift in Sources */,
				B1E44E8D2A6DCFB60084DCD4 /* CheckoutView.swift in Sources */,
				B1E44E7A2A6DCF5E0084DCD4 /* CupcakeCorner_Refactored__Challenge_Day_52_App.swift in Sources */,
			);
			runOnlyForDeploymentPostprocessing = 0;
		};
/* End PBXSourcesBuildPhase section */

/* Begin XCBuildConfiguration section */
		B1E44E822A6DCF5F0084DCD4 /* Debug */ = {
			isa = XCBuildConfiguration;
			buildSettings = {
				ALWAYS_SEARCH_USER_PATHS = NO;
				CLANG_ANALYZER_NONNULL = YES;
				CLANG_ANALYZER_NUMBER_OBJECT_CONVERSION = YES_AGGRESSIVE;
				CLANG_CXX_LANGUAGE_STANDARD = "gnu++20";
				CLANG_ENABLE_MODULES = YES;
				CLANG_ENABLE_OBJC_ARC = YES;
				CLANG_ENABLE_OBJC_WEAK = YES;
				CLANG_WARN_BLOCK_CAPTURE_AUTORELEASING = YES;
				CLANG_WARN_BOOL_CONVERSION = YES;
				CLANG_WARN_COMMA = YES;
				CLANG_WARN_CONSTANT_CONVERSION = YES;
				CLANG_WARN_DEPRECATED_OBJC_IMPLEMENTATIONS = YES;
				CLANG_WARN_DIRECT_OBJC_ISA_USAGE = YES_ERROR;
				CLANG_WARN_DOCUMENTATION_COMMENTS = YES;
				CLANG_WARN_EMPTY_BODY = YES;
				CLANG_WARN_ENUM_CONVERSION = YES;
				CLANG_WARN_INFINITE_RECURSION = YES;
				CLANG_WARN_INT_CONVERSION = YES;
				CLANG_WARN_NON_LITERAL_NULL_CONVERSION = YES;
				CLANG_WARN_OBJC_IMPLICIT_RETAIN_SELF = YES;
				CLANG_WARN_OBJC_LITERAL_CONVERSION = YES;
				CLANG_WARN_OBJC_ROOT_CLASS = YES_ERROR;
				CLANG_WARN_QUOTED_INCLUDE_IN_FRAMEWORK_HEADER = YES;
				CLANG_WARN_RANGE_LOOP_ANALYSIS = YES;
				CLANG_WARN_STRICT_PROTOTYPES = YES;
				CLANG_WARN_SUSPICIOUS_MOVE = YES;
				CLANG_WARN_UNGUARDED_AVAILABILITY = YES_AGGRESSIVE;
				CLANG_WARN_UNREACHABLE_CODE = YES;
				CLANG_WARN__DUPLICATE_METHOD_MATCH = YES;
				COPY_PHASE_STRIP = NO;
				DEBUG_INFORMATION_FORMAT = dwarf;
				ENABLE_STRICT_OBJC_MSGSEND = YES;
				ENABLE_TESTABILITY = YES;
				GCC_C_LANGUAGE_STANDARD = gnu11;
				GCC_DYNAMIC_NO_PIC = NO;
				GCC_NO_COMMON_BLOCKS = YES;
				GCC_OPTIMIZATION_LEVEL = 0;
				GCC_PREPROCESSOR_DEFINITIONS = (
					"DEBUG=1",
					"$(inherited)",
				);
				GCC_WARN_64_TO_32_BIT_CONVERSION = YES;
				GCC_WARN_ABOUT_RETURN_TYPE = YES_ERROR;
				GCC_WARN_UNDECLARED_SELECTOR = YES;
				GCC_WARN_UNINITIALIZED_AUTOS = YES_AGGRESSIVE;
				GCC_WARN_UNUSED_FUNCTION = YES;
				GCC_WARN_UNUSED_VARIABLE = YES;
				IPHONEOS_DEPLOYMENT_TARGET = 16.2;
				MTL_ENABLE_DEBUG_INFO = INCLUDE_SOURCE;
				MTL_FAST_MATH = YES;
				ONLY_ACTIVE_ARCH = YES;
				SDKROOT = iphoneos;
				SWIFT_ACTIVE_COMPILATION_CONDITIONS = DEBUG;
				SWIFT_OPTIMIZATION_LEVEL = "-Onone";
			};
			name = Debug;
		};
		B1E44E832A6DCF5F0084DCD4 /* Release */ = {
			isa = XCBuildConfiguration;
			buildSettings = {
				ALWAYS_SEARCH_USER_PATHS = NO;
				CLANG_ANALYZER_NONNULL = YES;
				CLANG_ANALYZER_NUMBER_OBJECT_CONVERSION = YES_AGGRESSIVE;
				CLANG_CXX_LANGUAGE_STANDARD = "gnu++20";
				CLANG_ENABLE_MODULES = YES;
				CLANG_ENABLE_OBJC_ARC = YES;
				CLANG_ENABLE_OBJC_WEAK = YES;
				CLANG_WARN_BLOCK_CAPTURE_AUTORELEASING = YES;
				CLANG_WARN_BOOL_CONVERSION = YES;
				CLANG_WARN_COMMA = YES;
				CLANG_WARN_CONSTANT_CONVERSION = YES;
				CLANG_WARN_DEPRECATED_OBJC_IMPLEMENTATIONS = YES;
				CLANG_WARN_DIRECT_OBJC_ISA_USAGE = YES_ERROR;
				CLANG_WARN_DOCUMENTATION_COMMENTS = YES;
				CLANG_WARN_EMPTY_BODY = YES;
				CLANG_WARN_ENUM_CONVERSION = YES;
				CLANG_WARN_INFINITE_RECURSION = YES;
				CLANG_WARN_INT_CONVERSION = YES;
				CLANG_WARN_NON_LITERAL_NULL_CONVERSION = YES;
				CLANG_WARN_OBJC_IMPLICIT_RETAIN_SELF = YES;
				CLANG_WARN_OBJC_LITERAL_CONVERSION = YES;
				CLANG_WARN_OBJC_ROOT_CLASS = YES_ERROR;
				CLANG_WARN_QUOTED_INCLUDE_IN_FRAMEWORK_HEADER = YES;
				CLANG_WARN_RANGE_LOOP_ANALYSIS = YES;
				CLANG_WARN_STRICT_PROTOTYPES = YES;
				CLANG_WARN_SUSPICIOUS_MOVE = YES;
				CLANG_WARN_UNGUARDED_AVAILABILITY = YES_AGGRESSIVE;
				CLANG_WARN_UNREACHABLE_CODE = YES;
				CLANG_WARN__DUPLICATE_METHOD_MATCH = YES;
				COPY_PHASE_STRIP = NO;
				DEBUG_INFORMATION_FORMAT = "dwarf-with-dsym";
				ENABLE_NS_ASSERTIONS = NO;
				ENABLE_STRICT_OBJC_MSGSEND = YES;
				GCC_C_LANGUAGE_STANDARD = gnu11;
				GCC_NO_COMMON_BLOCKS = YES;
				GCC_WARN_64_TO_32_BIT_CONVERSION = YES;
				GCC_WARN_ABOUT_RETURN_TYPE = YES_ERROR;
				GCC_WARN_UNDECLARED_SELECTOR = YES;
				GCC_WARN_UNINITIALIZED_AUTOS = YES_AGGRESSIVE;
				GCC_WARN_UNUSED_FUNCTION = YES;
				GCC_WARN_UNUSED_VARIABLE = YES;
				IPHONEOS_DEPLOYMENT_TARGET = 16.2;
				MTL_ENABLE_DEBUG_INFO = NO;
				MTL_FAST_MATH = YES;
				SDKROOT = iphoneos;
				SWIFT_COMPILATION_MODE = wholemodule;
				SWIFT_OPTIMIZATION_LEVEL = "-O";
				VALIDATE_PRODUCT = YES;
			};
			name = Release;
		};
		B1E44E852A6DCF5F0084DCD4 /* Debug */ = {
			isa = XCBuildConfiguration;
			buildSettings = {
				ASSETCATALOG_COMPILER_APPICON_NAME = AppIcon;
				ASSETCATALOG_COMPILER_GLOBAL_ACCENT_COLOR_NAME = AccentColor;
				CODE_SIGN_STYLE = Automatic;
				CURRENT_PROJECT_VERSION = 1;
				DEVELOPMENT_ASSET_PATHS = "\"CupcakeCorner Refactored (Challenge Day 52)/Preview Content\"";
				ENABLE_PREVIEWS = YES;
				GENERATE_INFOPLIST_FILE = YES;
				INFOPLIST_KEY_UIApplicationSceneManifest_Generation = YES;
				INFOPLIST_KEY_UIApplicationSupportsIndirectInputEvents = YES;
				INFOPLIST_KEY_UILaunchScreen_Generation = YES;
				INFOPLIST_KEY_UISupportedInterfaceOrientations_iPad = "UIInterfaceOrientationPortrait UIInterfaceOrientationPortraitUpsideDown UIInterfaceOrientationLandscapeLeft UIInterfaceOrientationLandscapeRight";
				INFOPLIST_KEY_UISupportedInterfaceOrientations_iPhone = "UIInterfaceOrientationPortrait UIInterfaceOrientationLandscapeLeft UIInterfaceOrientationLandscapeRight";
				LD_RUNPATH_SEARCH_PATHS = (
					"$(inherited)",
					"@executable_path/Frameworks",
				);
				MARKETING_VERSION = 1.0;
				PRODUCT_BUNDLE_IDENTIFIER = "Sarygin.Kyle.CupcakeCorner-Refactored--Challenge-Day-52-";
				PRODUCT_NAME = "$(TARGET_NAME)";
				SWIFT_EMIT_LOC_STRINGS = YES;
				SWIFT_VERSION = 5.0;
				TARGETED_DEVICE_FAMILY = "1,2";
			};
			name = Debug;
		};
		B1E44E862A6DCF5F0084DCD4 /* Release */ = {
			isa = XCBuildConfiguration;
			buildSettings = {
				ASSETCATALOG_COMPILER_APPICON_NAME = AppIcon;
				ASSETCATALOG_COMPILER_GLOBAL_ACCENT_COLOR_NAME = AccentColor;
				CODE_SIGN_STYLE = Automatic;
				CURRENT_PROJECT_VERSION = 1;
				DEVELOPMENT_ASSET_PATHS = "\"CupcakeCorner Refactored (Challenge Day 52)/Preview Content\"";
				ENABLE_PREVIEWS = YES;
				GENERATE_INFOPLIST_FILE = YES;
				INFOPLIST_KEY_UIApplicationSceneManifest_Generation = YES;
				INFOPLIST_KEY_UIApplicationSupportsIndirectInputEvents = YES;
				INFOPLIST_KEY_UILaunchScreen_Generation = YES;
				INFOPLIST_KEY_UISupportedInterfaceOrientations_iPad = "UIInterfaceOrientationPortrait UIInterfaceOrientationPortraitUpsideDown UIInterfaceOrientationLandscapeLeft UIInterfaceOrientationLandscapeRight";
				INFOPLIST_KEY_UISupportedInterfaceOrientations_iPhone = "UIInterfaceOrientationPortrait UIInterfaceOrientationLandscapeLeft UIInterfaceOrientationLandscapeRight";
				LD_RUNPATH_SEARCH_PATHS = (
					"$(inherited)",
					"@executable_path/Frameworks",
				);
				MARKETING_VERSION = 1.0;
				PRODUCT_BUNDLE_IDENTIFIER = "Sarygin.Kyle.CupcakeCorner-Refactored--Challenge-Day-52-";
				PRODUCT_NAME = "$(TARGET_NAME)";
				SWIFT_EMIT_LOC_STRINGS = YES;
				SWIFT_VERSION = 5.0;
				TARGETED_DEVICE_FAMILY = "1,2";
			};
			name = Release;
		};
/* End XCBuildConfiguration section */

/* Begin XCConfigurationList section */
		B1E44E712A6DCF5E0084DCD4 /* Build configuration list for PBXProject "CupcakeCorner Refactored (Challenge Day 52)" */ = {
			isa = XCConfigurationList;
			buildConfigurations = (
				B1E44E822A6DCF5F0084DCD4 /* Debug */,
				B1E44E832A6DCF5F0084DCD4 /* Release */,
			);
			defaultConfigurationIsVisible = 0;
			defaultConfigurationName = Release;
		};
		B1E44E842A6DCF5F0084DCD4 /* Build configuration list for PBXNativeTarget "CupcakeCorner Refactored (Challenge Day 52)" */ = {
			isa = XCConfigurationList;
			buildConfigurations = (
				B1E44E852A6DCF5F0084DCD4 /* Debug */,
				B1E44E862A6DCF5F0084DCD4 /* Release */,
			);
			defaultConfigurationIsVisible = 0;
			defaultConfigurationName = Release;
		};
/* End XCConfigurationList section */
	};
	rootObject = B1E44E6E2A6DCF5E0084DCD4 /* Project object */;
}
